// !$*UTF8*$!
{
	archiveVersion = 1;
	classes = {
	};
	objectVersion = 55;
	objects = {

/* Begin PBXBuildFile section */
		47AD8C5D280E55150018915A /* Tests_iOS.swift in Sources */ = {isa = PBXBuildFile; fileRef = 47AD8C5C280E55150018915A /* Tests_iOS.swift */; };
		47AD8C5F280E55150018915A /* Tests_iOSLaunchTests.swift in Sources */ = {isa = PBXBuildFile; fileRef = 47AD8C5E280E55150018915A /* Tests_iOSLaunchTests.swift */; };
		47AD8C69280E55150018915A /* Tests_macOS.swift in Sources */ = {isa = PBXBuildFile; fileRef = 47AD8C68280E55150018915A /* Tests_macOS.swift */; };
		47AD8C6B280E55150018915A /* Tests_macOSLaunchTests.swift in Sources */ = {isa = PBXBuildFile; fileRef = 47AD8C6A280E55150018915A /* Tests_macOSLaunchTests.swift */; };
		47AD8C6C280E55150018915A /* UI_544App.swift in Sources */ = {isa = PBXBuildFile; fileRef = 47AD8C44280E55140018915A /* UI_544App.swift */; };
		47AD8C6D280E55150018915A /* UI_544App.swift in Sources */ = {isa = PBXBuildFile; fileRef = 47AD8C44280E55140018915A /* UI_544App.swift */; };
		47AD8C6E280E55150018915A /* ContentView.swift in Sources */ = {isa = PBXBuildFile; fileRef = 47AD8C45280E55140018915A /* ContentView.swift */; };
		47AD8C6F280E55150018915A /* ContentView.swift in Sources */ = {isa = PBXBuildFile; fileRef = 47AD8C45280E55140018915A /* ContentView.swift */; };
		47AD8C70280E55150018915A /* Assets.xcassets in Resources */ = {isa = PBXBuildFile; fileRef = 47AD8C46280E55150018915A /* Assets.xcassets */; };
		47AD8C71280E55150018915A /* Assets.xcassets in Resources */ = {isa = PBXBuildFile; fileRef = 47AD8C46280E55150018915A /* Assets.xcassets */; };
		47AD8C84280E55360018915A /* Home.swift in Sources */ = {isa = PBXBuildFile; fileRef = 47AD8C83280E55360018915A /* Home.swift */; };
		47AD8C85280E55620018915A /* Home.swift in Sources */ = {isa = PBXBuildFile; fileRef = 47AD8C83280E55360018915A /* Home.swift */; };
		47AD8C88280E59EA0018915A /* AppViewModel.swift in Sources */ = {isa = PBXBuildFile; fileRef = 47AD8C87280E59EA0018915A /* AppViewModel.swift */; };
		47AD8C89280E59EA0018915A /* AppViewModel.swift in Sources */ = {isa = PBXBuildFile; fileRef = 47AD8C87280E59EA0018915A /* AppViewModel.swift */; };
		47AD8C8B280E59F70018915A /* CryptoModel.swift in Sources */ = {isa = PBXBuildFile; fileRef = 47AD8C8A280E59F70018915A /* CryptoModel.swift */; };
		47AD8C8C280E59F70018915A /* CryptoModel.swift in Sources */ = {isa = PBXBuildFile; fileRef = 47AD8C8A280E59F70018915A /* CryptoModel.swift */; };
		47AD8C8E280E59FC0018915A /* LinearGraph.swift in Sources */ = {isa = PBXBuildFile; fileRef = 47AD8C8D280E59FC0018915A /* LinearGraph.swift */; };
		47AD8C8F280E59FC0018915A /* LinearGraph.swift in Sources */ = {isa = PBXBuildFile; fileRef = 47AD8C8D280E59FC0018915A /* LinearGraph.swift */; };
/* End PBXBuildFile section */

/* Begin PBXContainerItemProxy section */
		47AD8C59280E55150018915A /* PBXContainerItemProxy */ = {
			isa = PBXContainerItemProxy;
			containerPortal = 47AD8C3F280E55140018915A /* Project object */;
			proxyType = 1;
			remoteGlobalIDString = 47AD8C4A280E55150018915A;
			remoteInfo = "UI-544 (iOS)";
		};
		47AD8C65280E55150018915A /* PBXContainerItemProxy */ = {
			isa = PBXContainerItemProxy;
			containerPortal = 47AD8C3F280E55140018915A /* Project object */;
			proxyType = 1;
			remoteGlobalIDString = 47AD8C50280E55150018915A;
			remoteInfo = "UI-544 (macOS)";
		};
/* End PBXContainerItemProxy section */

/* Begin PBXFileReference section */
		47AD8C44280E55140018915A /* UI_544App.swift */ = {isa = PBXFileReference; lastKnownFileType = sourcecode.swift; path = UI_544App.swift; sourceTree = "<group>"; };
		47AD8C45280E55140018915A /* ContentView.swift */ = {isa = PBXFileReference; lastKnownFileType = sourcecode.swift; path = ContentView.swift; sourceTree = "<group>"; };
		47AD8C46280E55150018915A /* Assets.xcassets */ = {isa = PBXFileReference; lastKnownFileType = folder.assetcatalog; path = Assets.xcassets; sourceTree = "<group>"; };
		47AD8C4B280E55150018915A /* UI-544.app */ = {isa = PBXFileReference; explicitFileType = wrapper.application; includeInIndex = 0; path = "UI-544.app"; sourceTree = BUILT_PRODUCTS_DIR; };
		47AD8C51280E55150018915A /* UI-544.app */ = {isa = PBXFileReference; explicitFileType = wrapper.application; includeInIndex = 0; path = "UI-544.app"; sourceTree = BUILT_PRODUCTS_DIR; };
		47AD8C53280E55150018915A /* macOS.entitlements */ = {isa = PBXFileReference; lastKnownFileType = text.plist.entitlements; path = macOS.entitlements; sourceTree = "<group>"; };
		47AD8C58280E55150018915A /* Tests iOS.xctest */ = {isa = PBXFileReference; explicitFileType = wrapper.cfbundle; includeInIndex = 0; path = "Tests iOS.xctest"; sourceTree = BUILT_PRODUCTS_DIR; };
		47AD8C5C280E55150018915A /* Tests_iOS.swift */ = {isa = PBXFileReference; lastKnownFileType = sourcecode.swift; path = Tests_iOS.swift; sourceTree = "<group>"; };
		47AD8C5E280E55150018915A /* Tests_iOSLaunchTests.swift */ = {isa = PBXFileReference; lastKnownFileType = sourcecode.swift; path = Tests_iOSLaunchTests.swift; sourceTree = "<group>"; };
		47AD8C64280E55150018915A /* Tests macOS.xctest */ = {isa = PBXFileReference; explicitFileType = wrapper.cfbundle; includeInIndex = 0; path = "Tests macOS.xctest"; sourceTree = BUILT_PRODUCTS_DIR; };
		47AD8C68280E55150018915A /* Tests_macOS.swift */ = {isa = PBXFileReference; lastKnownFileType = sourcecode.swift; path = Tests_macOS.swift; sourceTree = "<group>"; };
		47AD8C6A280E55150018915A /* Tests_macOSLaunchTests.swift */ = {isa = PBXFileReference; lastKnownFileType = sourcecode.swift; path = Tests_macOSLaunchTests.swift; sourceTree = "<group>"; };
		47AD8C83280E55360018915A /* Home.swift */ = {isa = PBXFileReference; lastKnownFileType = sourcecode.swift; path = Home.swift; sourceTree = "<group>"; };
		47AD8C86280E57ED0018915A /* UI-544--iOS--Info.plist */ = {isa = PBXFileReference; lastKnownFileType = text.plist; path = "UI-544--iOS--Info.plist"; sourceTree = "<group>"; };
		47AD8C87280E59EA0018915A /* AppViewModel.swift */ = {isa = PBXFileReference; fileEncoding = 4; lastKnownFileType = sourcecode.swift; path = AppViewModel.swift; sourceTree = "<group>"; };
		47AD8C8A280E59F70018915A /* CryptoModel.swift */ = {isa = PBXFileReference; fileEncoding = 4; lastKnownFileType = sourcecode.swift; path = CryptoModel.swift; sourceTree = "<group>"; };
		47AD8C8D280E59FC0018915A /* LinearGraph.swift */ = {isa = PBXFileReference; fileEncoding = 4; lastKnownFileType = sourcecode.swift; path = LinearGraph.swift; sourceTree = "<group>"; };
/* End PBXFileReference section */

/* Begin PBXFrameworksBuildPhase section */
		47AD8C48280E55150018915A /* Frameworks */ = {
			isa = PBXFrameworksBuildPhase;
			buildActionMask = 2147483647;
			files = (
			);
			runOnlyForDeploymentPostprocessing = 0;
		};
		47AD8C4E280E55150018915A /* Frameworks */ = {
			isa = PBXFrameworksBuildPhase;
			buildActionMask = 2147483647;
			files = (
			);
			runOnlyForDeploymentPostprocessing = 0;
		};
		47AD8C55280E55150018915A /* Frameworks */ = {
			isa = PBXFrameworksBuildPhase;
			buildActionMask = 2147483647;
			files = (
			);
			runOnlyForDeploymentPostprocessing = 0;
		};
		47AD8C61280E55150018915A /* Frameworks */ = {
			isa = PBXFrameworksBuildPhase;
			buildActionMask = 2147483647;
			files = (
			);
			runOnlyForDeploymentPostprocessing = 0;
		};
/* End PBXFrameworksBuildPhase section */

/* Begin PBXGroup section */
		47AD8C3E280E55140018915A = {
			isa = PBXGroup;
			children = (
				47AD8C86280E57ED0018915A /* UI-544--iOS--Info.plist */,
				47AD8C43280E55140018915A /* Shared */,
				47AD8C52280E55150018915A /* macOS */,
				47AD8C5B280E55150018915A /* Tests iOS */,
				47AD8C67280E55150018915A /* Tests macOS */,
				47AD8C4C280E55150018915A /* Products */,
			);
			sourceTree = "<group>";
		};
		47AD8C43280E55140018915A /* Shared */ = {
			isa = PBXGroup;
			children = (
				47AD8C82280E552E0018915A /* Model */,
				47AD8C81280E552A0018915A /* ViewModel */,
				47AD8C80280E55260018915A /* View */,
				47AD8C44280E55140018915A /* UI_544App.swift */,
				47AD8C45280E55140018915A /* ContentView.swift */,
				47AD8C46280E55150018915A /* Assets.xcassets */,
			);
			path = Shared;
			sourceTree = "<group>";
		};
		47AD8C4C280E55150018915A /* Products */ = {
			isa = PBXGroup;
			children = (
				47AD8C4B280E55150018915A /* UI-544.app */,
				47AD8C51280E55150018915A /* UI-544.app */,
				47AD8C58280E55150018915A /* Tests iOS.xctest */,
				47AD8C64280E55150018915A /* Tests macOS.xctest */,
			);
			name = Products;
			sourceTree = "<group>";
		};
		47AD8C52280E55150018915A /* macOS */ = {
			isa = PBXGroup;
			children = (
				47AD8C53280E55150018915A /* macOS.entitlements */,
			);
			path = macOS;
			sourceTree = "<group>";
		};
		47AD8C5B280E55150018915A /* Tests iOS */ = {
			isa = PBXGroup;
			children = (
				47AD8C5C280E55150018915A /* Tests_iOS.swift */,
				47AD8C5E280E55150018915A /* Tests_iOSLaunchTests.swift */,
			);
			path = "Tests iOS";
			sourceTree = "<group>";
		};
		47AD8C67280E55150018915A /* Tests macOS */ = {
			isa = PBXGroup;
			children = (
				47AD8C68280E55150018915A /* Tests_macOS.swift */,
				47AD8C6A280E55150018915A /* Tests_macOSLaunchTests.swift */,
			);
			path = "Tests macOS";
			sourceTree = "<group>";
		};
		47AD8C80280E55260018915A /* View */ = {
			isa = PBXGroup;
			children = (
				47AD8C83280E55360018915A /* Home.swift */,
				47AD8C8D280E59FC0018915A /* LinearGraph.swift */,
			);
			path = View;
			sourceTree = "<group>";
		};
		47AD8C81280E552A0018915A /* ViewModel */ = {
			isa = PBXGroup;
			children = (
				47AD8C87280E59EA0018915A /* AppViewModel.swift */,
			);
			path = ViewModel;
			sourceTree = "<group>";
		};
		47AD8C82280E552E0018915A /* Model */ = {
			isa = PBXGroup;
			children = (
				47AD8C8A280E59F70018915A /* CryptoModel.swift */,
			);
			path = Model;
			sourceTree = "<group>";
		};
/* End PBXGroup section */

/* Begin PBXNativeTarget section */
		47AD8C4A280E55150018915A /* UI-544 (iOS) */ = {
			isa = PBXNativeTarget;
			buildConfigurationList = 47AD8C74280E55150018915A /* Build configuration list for PBXNativeTarget "UI-544 (iOS)" */;
			buildPhases = (
				47AD8C47280E55150018915A /* Sources */,
				47AD8C48280E55150018915A /* Frameworks */,
				47AD8C49280E55150018915A /* Resources */,
			);
			buildRules = (
			);
			dependencies = (
			);
			name = "UI-544 (iOS)";
			productName = "UI-544 (iOS)";
			productReference = 47AD8C4B280E55150018915A /* UI-544.app */;
			productType = "com.apple.product-type.application";
		};
		47AD8C50280E55150018915A /* UI-544 (macOS) */ = {
			isa = PBXNativeTarget;
			buildConfigurationList = 47AD8C77280E55150018915A /* Build configuration list for PBXNativeTarget "UI-544 (macOS)" */;
			buildPhases = (
				47AD8C4D280E55150018915A /* Sources */,
				47AD8C4E280E55150018915A /* Frameworks */,
				47AD8C4F280E55150018915A /* Resources */,
			);
			buildRules = (
			);
			dependencies = (
			);
			name = "UI-544 (macOS)";
			productName = "UI-544 (macOS)";
			productReference = 47AD8C51280E55150018915A /* UI-544.app */;
			productType = "com.apple.product-type.application";
		};
		47AD8C57280E55150018915A /* Tests iOS */ = {
			isa = PBXNativeTarget;
			buildConfigurationList = 47AD8C7A280E55150018915A /* Build configuration list for PBXNativeTarget "Tests iOS" */;
			buildPhases = (
				47AD8C54280E55150018915A /* Sources */,
				47AD8C55280E55150018915A /* Frameworks */,
				47AD8C56280E55150018915A /* Resources */,
			);
			buildRules = (
			);
			dependencies = (
				47AD8C5A280E55150018915A /* PBXTargetDependency */,
			);
			name = "Tests iOS";
			productName = "Tests iOS";
			productReference = 47AD8C58280E55150018915A /* Tests iOS.xctest */;
			productType = "com.apple.product-type.bundle.ui-testing";
		};
		47AD8C63280E55150018915A /* Tests macOS */ = {
			isa = PBXNativeTarget;
			buildConfigurationList = 47AD8C7D280E55150018915A /* Build configuration list for PBXNativeTarget "Tests macOS" */;
			buildPhases = (
				47AD8C60280E55150018915A /* Sources */,
				47AD8C61280E55150018915A /* Frameworks */,
				47AD8C62280E55150018915A /* Resources */,
			);
			buildRules = (
			);
			dependencies = (
				47AD8C66280E55150018915A /* PBXTargetDependency */,
			);
			name = "Tests macOS";
			productName = "Tests macOS";
			productReference = 47AD8C64280E55150018915A /* Tests macOS.xctest */;
			productType = "com.apple.product-type.bundle.ui-testing";
		};
/* End PBXNativeTarget section */

/* Begin PBXProject section */
		47AD8C3F280E55140018915A /* Project object */ = {
			isa = PBXProject;
			attributes = {
				BuildIndependentTargetsInParallel = 1;
				LastSwiftUpdateCheck = 1330;
				LastUpgradeCheck = 1330;
				TargetAttributes = {
					47AD8C4A280E55150018915A = {
						CreatedOnToolsVersion = 13.3;
					};
					47AD8C50280E55150018915A = {
						CreatedOnToolsVersion = 13.3;
					};
					47AD8C57280E55150018915A = {
						CreatedOnToolsVersion = 13.3;
						TestTargetID = 47AD8C4A280E55150018915A;
					};
					47AD8C63280E55150018915A = {
						CreatedOnToolsVersion = 13.3;
						TestTargetID = 47AD8C50280E55150018915A;
					};
				};
			};
			buildConfigurationList = 47AD8C42280E55140018915A /* Build configuration list for PBXProject "UI-544" */;
			compatibilityVersion = "Xcode 13.0";
			developmentRegion = en;
			hasScannedForEncodings = 0;
			knownRegions = (
				en,
				Base,
			);
			mainGroup = 47AD8C3E280E55140018915A;
			productRefGroup = 47AD8C4C280E55150018915A /* Products */;
			projectDirPath = "";
			projectRoot = "";
			targets = (
				47AD8C4A280E55150018915A /* UI-544 (iOS) */,
				47AD8C50280E55150018915A /* UI-544 (macOS) */,
				47AD8C57280E55150018915A /* Tests iOS */,
				47AD8C63280E55150018915A /* Tests macOS */,
			);
		};
/* End PBXProject section */

/* Begin PBXResourcesBuildPhase section */
		47AD8C49280E55150018915A /* Resources */ = {
			isa = PBXResourcesBuildPhase;
			buildActionMask = 2147483647;
			files = (
				47AD8C70280E55150018915A /* Assets.xcassets in Resources */,
			);
			runOnlyForDeploymentPostprocessing = 0;
		};
		47AD8C4F280E55150018915A /* Resources */ = {
			isa = PBXResourcesBuildPhase;
			buildActionMask = 2147483647;
			files = (
				47AD8C71280E55150018915A /* Assets.xcassets in Resources */,
			);
			runOnlyForDeploymentPostprocessing = 0;
		};
		47AD8C56280E55150018915A /* Resources */ = {
			isa = PBXResourcesBuildPhase;
			buildActionMask = 2147483647;
			files = (
			);
			runOnlyForDeploymentPostprocessing = 0;
		};
		47AD8C62280E55150018915A /* Resources */ = {
			isa = PBXResourcesBuildPhase;
			buildActionMask = 2147483647;
			files = (
			);
			runOnlyForDeploymentPostprocessing = 0;
		};
/* End PBXResourcesBuildPhase section */

/* Begin PBXSourcesBuildPhase section */
		47AD8C47280E55150018915A /* Sources */ = {
			isa = PBXSourcesBuildPhase;
			buildActionMask = 2147483647;
			files = (
				47AD8C6E280E55150018915A /* ContentView.swift in Sources */,
				47AD8C84280E55360018915A /* Home.swift in Sources */,
				47AD8C88280E59EA0018915A /* AppViewModel.swift in Sources */,
				47AD8C8E280E59FC0018915A /* LinearGraph.swift in Sources */,
				47AD8C6C280E55150018915A /* UI_544App.swift in Sources */,
				47AD8C8B280E59F70018915A /* CryptoModel.swift in Sources */,
			);
			runOnlyForDeploymentPostprocessing = 0;
		};
		47AD8C4D280E55150018915A /* Sources */ = {
			isa = PBXSourcesBuildPhase;
			buildActionMask = 2147483647;
			files = (
				47AD8C6F280E55150018915A /* ContentView.swift in Sources */,
				47AD8C85280E55620018915A /* Home.swift in Sources */,
				47AD8C89280E59EA0018915A /* AppViewModel.swift in Sources */,
				47AD8C8F280E59FC0018915A /* LinearGraph.swift in Sources */,
				47AD8C6D280E55150018915A /* UI_544App.swift in Sources */,
				47AD8C8C280E59F70018915A /* CryptoModel.swift in Sources */,
			);
			runOnlyForDeploymentPostprocessing = 0;
		};
		47AD8C54280E55150018915A /* Sources */ = {
			isa = PBXSourcesBuildPhase;
			buildActionMask = 2147483647;
			files = (
				47AD8C5F280E55150018915A /* Tests_iOSLaunchTests.swift in Sources */,
				47AD8C5D280E55150018915A /* Tests_iOS.swift in Sources */,
			);
			runOnlyForDeploymentPostprocessing = 0;
		};
		47AD8C60280E55150018915A /* Sources */ = {
			isa = PBXSourcesBuildPhase;
			buildActionMask = 2147483647;
			files = (
				47AD8C6B280E55150018915A /* Tests_macOSLaunchTests.swift in Sources */,
				47AD8C69280E55150018915A /* Tests_macOS.swift in Sources */,
			);
			runOnlyForDeploymentPostprocessing = 0;
		};
/* End PBXSourcesBuildPhase section */

/* Begin PBXTargetDependency section */
		47AD8C5A280E55150018915A /* PBXTargetDependency */ = {
			isa = PBXTargetDependency;
			target = 47AD8C4A280E55150018915A /* UI-544 (iOS) */;
			targetProxy = 47AD8C59280E55150018915A /* PBXContainerItemProxy */;
		};
		47AD8C66280E55150018915A /* PBXTargetDependency */ = {
			isa = PBXTargetDependency;
			target = 47AD8C50280E55150018915A /* UI-544 (macOS) */;
			targetProxy = 47AD8C65280E55150018915A /* PBXContainerItemProxy */;
		};
/* End PBXTargetDependency section */

/* Begin XCBuildConfiguration section */
		47AD8C72280E55150018915A /* Debug */ = {
			isa = XCBuildConfiguration;
			buildSettings = {
				ALWAYS_SEARCH_USER_PATHS = NO;
				CLANG_ANALYZER_NONNULL = YES;
				CLANG_ANALYZER_NUMBER_OBJECT_CONVERSION = YES_AGGRESSIVE;
				CLANG_CXX_LANGUAGE_STANDARD = "gnu++17";
				CLANG_ENABLE_MODULES = YES;
				CLANG_ENABLE_OBJC_ARC = YES;
				CLANG_ENABLE_OBJC_WEAK = YES;
				CLANG_WARN_BLOCK_CAPTURE_AUTORELEASING = YES;
				CLANG_WARN_BOOL_CONVERSION = YES;
				CLANG_WARN_COMMA = YES;
				CLANG_WARN_CONSTANT_CONVERSION = YES;
				CLANG_WARN_DEPRECATED_OBJC_IMPLEMENTATIONS = YES;
				CLANG_WARN_DIRECT_OBJC_ISA_USAGE = YES_ERROR;
				CLANG_WARN_DOCUMENTATION_COMMENTS = YES;
				CLANG_WARN_EMPTY_BODY = YES;
				CLANG_WARN_ENUM_CONVERSION = YES;
				CLANG_WARN_INFINITE_RECURSION = YES;
				CLANG_WARN_INT_CONVERSION = YES;
				CLANG_WARN_NON_LITERAL_NULL_CONVERSION = YES;
				CLANG_WARN_OBJC_IMPLICIT_RETAIN_SELF = YES;
				CLANG_WARN_OBJC_LITERAL_CONVERSION = YES;
				CLANG_WARN_OBJC_ROOT_CLASS = YES_ERROR;
				CLANG_WARN_QUOTED_INCLUDE_IN_FRAMEWORK_HEADER = YES;
				CLANG_WARN_RANGE_LOOP_ANALYSIS = YES;
				CLANG_WARN_STRICT_PROTOTYPES = YES;
				CLANG_WARN_SUSPICIOUS_MOVE = YES;
				CLANG_WARN_UNGUARDED_AVAILABILITY = YES_AGGRESSIVE;
				CLANG_WARN_UNREACHABLE_CODE = YES;
				CLANG_WARN__DUPLICATE_METHOD_MATCH = YES;
				COPY_PHASE_STRIP = NO;
				DEBUG_INFORMATION_FORMAT = dwarf;
				ENABLE_STRICT_OBJC_MSGSEND = YES;
				ENABLE_TESTABILITY = YES;
				GCC_C_LANGUAGE_STANDARD = gnu11;
				GCC_DYNAMIC_NO_PIC = NO;
				GCC_NO_COMMON_BLOCKS = YES;
				GCC_OPTIMIZATION_LEVEL = 0;
				GCC_PREPROCESSOR_DEFINITIONS = (
					"DEBUG=1",
					"$(inherited)",
				);
				GCC_WARN_64_TO_32_BIT_CONVERSION = YES;
				GCC_WARN_ABOUT_RETURN_TYPE = YES_ERROR;
				GCC_WARN_UNDECLARED_SELECTOR = YES;
				GCC_WARN_UNINITIALIZED_AUTOS = YES_AGGRESSIVE;
				GCC_WARN_UNUSED_FUNCTION = YES;
				GCC_WARN_UNUSED_VARIABLE = YES;
				MTL_ENABLE_DEBUG_INFO = INCLUDE_SOURCE;
				MTL_FAST_MATH = YES;
				ONLY_ACTIVE_ARCH = YES;
				SWIFT_ACTIVE_COMPILATION_CONDITIONS = DEBUG;
				SWIFT_OPTIMIZATION_LEVEL = "-Onone";
			};
			name = Debug;
		};
		47AD8C73280E55150018915A /* Release */ = {
			isa = XCBuildConfiguration;
			buildSettings = {
				ALWAYS_SEARCH_USER_PATHS = NO;
				CLANG_ANALYZER_NONNULL = YES;
				CLANG_ANALYZER_NUMBER_OBJECT_CONVERSION = YES_AGGRESSIVE;
				CLANG_CXX_LANGUAGE_STANDARD = "gnu++17";
				CLANG_ENABLE_MODULES = YES;
				CLANG_ENABLE_OBJC_ARC = YES;
				CLANG_ENABLE_OBJC_WEAK = YES;
				CLANG_WARN_BLOCK_CAPTURE_AUTORELEASING = YES;
				CLANG_WARN_BOOL_CONVERSION = YES;
				CLANG_WARN_COMMA = YES;
				CLANG_WARN_CONSTANT_CONVERSION = YES;
				CLANG_WARN_DEPRECATED_OBJC_IMPLEMENTATIONS = YES;
				CLANG_WARN_DIRECT_OBJC_ISA_USAGE = YES_ERROR;
				CLANG_WARN_DOCUMENTATION_COMMENTS = YES;
				CLANG_WARN_EMPTY_BODY = YES;
				CLANG_WARN_ENUM_CONVERSION = YES;
				CLANG_WARN_INFINITE_RECURSION = YES;
				CLANG_WARN_INT_CONVERSION = YES;
				CLANG_WARN_NON_LITERAL_NULL_CONVERSION = YES;
				CLANG_WARN_OBJC_IMPLICIT_RETAIN_SELF = YES;
				CLANG_WARN_OBJC_LITERAL_CONVERSION = YES;
				CLANG_WARN_OBJC_ROOT_CLASS = YES_ERROR;
				CLANG_WARN_QUOTED_INCLUDE_IN_FRAMEWORK_HEADER = YES;
				CLANG_WARN_RANGE_LOOP_ANALYSIS = YES;
				CLANG_WARN_STRICT_PROTOTYPES = YES;
				CLANG_WARN_SUSPICIOUS_MOVE = YES;
				CLANG_WARN_UNGUARDED_AVAILABILITY = YES_AGGRESSIVE;
				CLANG_WARN_UNREACHABLE_CODE = YES;
				CLANG_WARN__DUPLICATE_METHOD_MATCH = YES;
				COPY_PHASE_STRIP = NO;
				DEBUG_INFORMATION_FORMAT = "dwarf-with-dsym";
				ENABLE_NS_ASSERTIONS = NO;
				ENABLE_STRICT_OBJC_MSGSEND = YES;
				GCC_C_LANGUAGE_STANDARD = gnu11;
				GCC_NO_COMMON_BLOCKS = YES;
				GCC_WARN_64_TO_32_BIT_CONVERSION = YES;
				GCC_WARN_ABOUT_RETURN_TYPE = YES_ERROR;
				GCC_WARN_UNDECLARED_SELECTOR = YES;
				GCC_WARN_UNINITIALIZED_AUTOS = YES_AGGRESSIVE;
				GCC_WARN_UNUSED_FUNCTION = YES;
				GCC_WARN_UNUSED_VARIABLE = YES;
				MTL_ENABLE_DEBUG_INFO = NO;
				MTL_FAST_MATH = YES;
				SWIFT_COMPILATION_MODE = wholemodule;
				SWIFT_OPTIMIZATION_LEVEL = "-O";
			};
			name = Release;
		};
		47AD8C75280E55150018915A /* Debug */ = {
			isa = XCBuildConfiguration;
			buildSettings = {
				ASSETCATALOG_COMPILER_APPICON_NAME = AppIcon;
				ASSETCATALOG_COMPILER_GLOBAL_ACCENT_COLOR_NAME = AccentColor;
				CODE_SIGN_STYLE = Automatic;
				CURRENT_PROJECT_VERSION = 1;
				DEVELOPMENT_TEAM = 8CL4U468K5;
				ENABLE_PREVIEWS = YES;
				GENERATE_INFOPLIST_FILE = YES;
				INFOPLIST_FILE = "UI-544--iOS--Info.plist";
				INFOPLIST_KEY_UIApplicationSceneManifest_Generation = YES;
				INFOPLIST_KEY_UIApplicationSupportsIndirectInputEvents = YES;
				INFOPLIST_KEY_UILaunchScreen_Generation = YES;
				INFOPLIST_KEY_UISupportedInterfaceOrientations_iPad = "UIInterfaceOrientationPortrait UIInterfaceOrientationPortraitUpsideDown UIInterfaceOrientationLandscapeLeft UIInterfaceOrientationLandscapeRight";
				INFOPLIST_KEY_UISupportedInterfaceOrientations_iPhone = "UIInterfaceOrientationPortrait UIInterfaceOrientationLandscapeLeft UIInterfaceOrientationLandscapeRight";
				IPHONEOS_DEPLOYMENT_TARGET = 15.4;
				LD_RUNPATH_SEARCH_PATHS = (
					"$(inherited)",
					"@executable_path/Frameworks",
				);
				MARKETING_VERSION = 1.0;
				PRODUCT_BUNDLE_IDENTIFIER = "com.585.UI-544";
				PRODUCT_NAME = "UI-544";
				SDKROOT = iphoneos;
				SWIFT_EMIT_LOC_STRINGS = YES;
				SWIFT_VERSION = 5.0;
				TARGETED_DEVICE_FAMILY = "1,2";
			};
			name = Debug;
		};
		47AD8C76280E55150018915A /* Release */ = {
			isa = XCBuildConfiguration;
			buildSettings = {
				ASSETCATALOG_COMPILER_APPICON_NAME = AppIcon;
				ASSETCATALOG_COMPILER_GLOBAL_ACCENT_COLOR_NAME = AccentColor;
				CODE_SIGN_STYLE = Automatic;
				CURRENT_PROJECT_VERSION = 1;
				DEVELOPMENT_TEAM = 8CL4U468K5;
				ENABLE_PREVIEWS = YES;
				GENERATE_INFOPLIST_FILE = YES;
				INFOPLIST_FILE = "UI-544--iOS--Info.plist";
				INFOPLIST_KEY_UIApplicationSceneManifest_Generation = YES;
				INFOPLIST_KEY_UIApplicationSupportsIndirectInputEvents = YES;
				INFOPLIST_KEY_UILaunchScreen_Generation = YES;
				INFOPLIST_KEY_UISupportedInterfaceOrientations_iPad = "UIInterfaceOrientationPortrait UIInterfaceOrientationPortraitUpsideDown UIInterfaceOrientationLandscapeLeft UIInterfaceOrientationLandscapeRight";
				INFOPLIST_KEY_UISupportedInterfaceOrientations_iPhone = "UIInterfaceOrientationPortrait UIInterfaceOrientationLandscapeLeft UIInterfaceOrientationLandscapeRight";
				IPHONEOS_DEPLOYMENT_TARGET = 15.4;
				LD_RUNPATH_SEARCH_PATHS = (
					"$(inherited)",
					"@executable_path/Frameworks",
				);
				MARKETING_VERSION = 1.0;
				PRODUCT_BUNDLE_IDENTIFIER = "com.585.UI-544";
				PRODUCT_NAME = "UI-544";
				SDKROOT = iphoneos;
				SWIFT_EMIT_LOC_STRINGS = YES;
				SWIFT_VERSION = 5.0;
				TARGETED_DEVICE_FAMILY = "1,2";
				VALIDATE_PRODUCT = YES;
			};
			name = Release;
		};
		47AD8C78280E55150018915A /* Debug */ = {
			isa = XCBuildConfiguration;
			buildSettings = {
				ASSETCATALOG_COMPILER_APPICON_NAME = AppIcon;
				ASSETCATALOG_COMPILER_GLOBAL_ACCENT_COLOR_NAME = AccentColor;
				CODE_SIGN_ENTITLEMENTS = macOS/macOS.entitlements;
				CODE_SIGN_STYLE = Automatic;
				COMBINE_HIDPI_IMAGES = YES;
				CURRENT_PROJECT_VERSION = 1;
				DEVELOPMENT_TEAM = 8CL4U468K5;
				ENABLE_HARDENED_RUNTIME = YES;
				ENABLE_PREVIEWS = YES;
				GENERATE_INFOPLIST_FILE = YES;
				INFOPLIST_KEY_NSHumanReadableCopyright = "";
				LD_RUNPATH_SEARCH_PATHS = (
					"$(inherited)",
					"@executable_path/../Frameworks",
				);
				MACOSX_DEPLOYMENT_TARGET = 12.3;
				MARKETING_VERSION = 1.0;
				PRODUCT_BUNDLE_IDENTIFIER = "com.585.UI-544";
				PRODUCT_NAME = "UI-544";
				SDKROOT = macosx;
				SWIFT_EMIT_LOC_STRINGS = YES;
				SWIFT_VERSION = 5.0;
			};
			name = Debug;
		};
		47AD8C79280E55150018915A /* Release */ = {
			isa = XCBuildConfiguration;
			buildSettings = {
				ASSETCATALOG_COMPILER_APPICON_NAME = AppIcon;
				ASSETCATALOG_COMPILER_GLOBAL_ACCENT_COLOR_NAME = AccentColor;
				CODE_SIGN_ENTITLEMENTS = macOS/macOS.entitlements;
				CODE_SIGN_STYLE = Automatic;
				COMBINE_HIDPI_IMAGES = YES;
				CURRENT_PROJECT_VERSION = 1;
				DEVELOPMENT_TEAM = 8CL4U468K5;
				ENABLE_HARDENED_RUNTIME = YES;
				ENABLE_PREVIEWS = YES;
				GENERATE_INFOPLIST_FILE = YES;
				INFOPLIST_KEY_NSHumanReadableCopyright = "";
				LD_RUNPATH_SEARCH_PATHS = (
					"$(inherited)",
					"@executable_path/../Frameworks",
				);
				MACOSX_DEPLOYMENT_TARGET = 12.3;
				MARKETING_VERSION = 1.0;
				PRODUCT_BUNDLE_IDENTIFIER = "com.585.UI-544";
				PRODUCT_NAME = "UI-544";
				SDKROOT = macosx;
				SWIFT_EMIT_LOC_STRINGS = YES;
				SWIFT_VERSION = 5.0;
			};
			name = Release;
		};
		47AD8C7B280E55150018915A /* Debug */ = {
			isa = XCBuildConfiguration;
			buildSettings = {
				ALWAYS_EMBED_SWIFT_STANDARD_LIBRARIES = YES;
				CODE_SIGN_STYLE = Automatic;
				CURRENT_PROJECT_VERSION = 1;
				DEVELOPMENT_TEAM = 8CL4U468K5;
				GENERATE_INFOPLIST_FILE = YES;
				IPHONEOS_DEPLOYMENT_TARGET = 15.4;
				MARKETING_VERSION = 1.0;
				PRODUCT_BUNDLE_IDENTIFIER = "com.585.Tests-iOS";
				PRODUCT_NAME = "$(TARGET_NAME)";
				SDKROOT = iphoneos;
				SWIFT_EMIT_LOC_STRINGS = NO;
				SWIFT_VERSION = 5.0;
				TARGETED_DEVICE_FAMILY = "1,2";
				TEST_TARGET_NAME = "UI-544 (iOS)";
			};
			name = Debug;
		};
		47AD8C7C280E55150018915A /* Release */ = {
			isa = XCBuildConfiguration;
			buildSettings = {
				ALWAYS_EMBED_SWIFT_STANDARD_LIBRARIES = YES;
				CODE_SIGN_STYLE = Automatic;
				CURRENT_PROJECT_VERSION = 1;
				DEVELOPMENT_TEAM = 8CL4U468K5;
				GENERATE_INFOPLIST_FILE = YES;
				IPHONEOS_DEPLOYMENT_TARGET = 15.4;
				MARKETING_VERSION = 1.0;
				PRODUCT_BUNDLE_IDENTIFIER = "com.585.Tests-iOS";
				PRODUCT_NAME = "$(TARGET_NAME)";
				SDKROOT = iphoneos;
				SWIFT_EMIT_LOC_STRINGS = NO;
				SWIFT_VERSION = 5.0;
				TARGETED_DEVICE_FAMILY = "1,2";
				TEST_TARGET_NAME = "UI-544 (iOS)";
				VALIDATE_PRODUCT = YES;
			};
			name = Release;
		};
		47AD8C7E280E55150018915A /* Debug */ = {
			isa = XCBuildConfiguration;
			buildSettings = {
				ALWAYS_EMBED_SWIFT_STANDARD_LIBRARIES = YES;
				CODE_SIGN_STYLE = Automatic;
				CURRENT_PROJECT_VERSION = 1;
				DEVELOPMENT_TEAM = 8CL4U468K5;
				GENERATE_INFOPLIST_FILE = YES;
				MACOSX_DEPLOYMENT_TARGET = 12.3;
				MARKETING_VERSION = 1.0;
				PRODUCT_BUNDLE_IDENTIFIER = "com.585.Tests-macOS";
				PRODUCT_NAME = "$(TARGET_NAME)";
				SDKROOT = macosx;
				SWIFT_EMIT_LOC_STRINGS = NO;
				SWIFT_VERSION = 5.0;
				TEST_TARGET_NAME = "UI-544 (macOS)";
			};
			name = Debug;
		};
		47AD8C7F280E55150018915A /* Release */ = {
			isa = XCBuildConfiguration;
			buildSettings = {
				ALWAYS_EMBED_SWIFT_STANDARD_LIBRARIES = YES;
				CODE_SIGN_STYLE = Automatic;
				CURRENT_PROJECT_VERSION = 1;
				DEVELOPMENT_TEAM = 8CL4U468K5;
				GENERATE_INFOPLIST_FILE = YES;
				MACOSX_DEPLOYMENT_TARGET = 12.3;
				MARKETING_VERSION = 1.0;
				PRODUCT_BUNDLE_IDENTIFIER = "com.585.Tests-macOS";
				PRODUCT_NAME = "$(TARGET_NAME)";
				SDKROOT = macosx;
				SWIFT_EMIT_LOC_STRINGS = NO;
				SWIFT_VERSION = 5.0;
				TEST_TARGET_NAME = "UI-544 (macOS)";
			};
			name = Release;
		};
/* End XCBuildConfiguration section */

/* Begin XCConfigurationList section */
		47AD8C42280E55140018915A /* Build configuration list for PBXProject "UI-544" */ = {
			isa = XCConfigurationList;
			buildConfigurations = (
				47AD8C72280E55150018915A /* Debug */,
				47AD8C73280E55150018915A /* Release */,
			);
			defaultConfigurationIsVisible = 0;
			defaultConfigurationName = Release;
		};
		47AD8C74280E55150018915A /* Build configuration list for PBXNativeTarget "UI-544 (iOS)" */ = {
			isa = XCConfigurationList;
			buildConfigurations = (
				47AD8C75280E55150018915A /* Debug */,
				47AD8C76280E55150018915A /* Release */,
			);
			defaultConfigurationIsVisible = 0;
			defaultConfigurationName = Release;
		};
		47AD8C77280E55150018915A /* Build configuration list for PBXNativeTarget "UI-544 (macOS)" */ = {
			isa = XCConfigurationList;
			buildConfigurations = (
				47AD8C78280E55150018915A /* Debug */,
				47AD8C79280E55150018915A /* Release */,
			);
			defaultConfigurationIsVisible = 0;
			defaultConfigurationName = Release;
		};
		47AD8C7A280E55150018915A /* Build configuration list for PBXNativeTarget "Tests iOS" */ = {
			isa = XCConfigurationList;
			buildConfigurations = (
				47AD8C7B280E55150018915A /* Debug */,
				47AD8C7C280E55150018915A /* Release */,
			);
			defaultConfigurationIsVisible = 0;
			defaultConfigurationName = Release;
		};
		47AD8C7D280E55150018915A /* Build configuration list for PBXNativeTarget "Tests macOS" */ = {
			isa = XCConfigurationList;
			buildConfigurations = (
				47AD8C7E280E55150018915A /* Debug */,
				47AD8C7F280E55150018915A /* Release */,
			);
			defaultConfigurationIsVisible = 0;
			defaultConfigurationName = Release;
		};
/* End XCConfigurationList section */
	};
	rootObject = 47AD8C3F280E55140018915A /* Project object */;
}
